// !$*UTF8*$!
{
	archiveVersion = 1;
	classes = {
	};
	objectVersion = 46;
	objects = {

/* Begin PBXBuildFile section */
		6FDE8D0E1D993A58007CE25C /* AppDelegate.swift in Sources */ = {isa = PBXBuildFile; fileRef = 6FDE8D0D1D993A58007CE25C /* AppDelegate.swift */; };
		6FDE8D101D993A58007CE25C /* ViewController.swift in Sources */ = {isa = PBXBuildFile; fileRef = 6FDE8D0F1D993A58007CE25C /* ViewController.swift */; };
		6FDE8D131D993A58007CE25C /* Main.storyboard in Resources */ = {isa = PBXBuildFile; fileRef = 6FDE8D111D993A58007CE25C /* Main.storyboard */; };
		6FDE8D151D993A58007CE25C /* Assets.xcassets in Resources */ = {isa = PBXBuildFile; fileRef = 6FDE8D141D993A58007CE25C /* Assets.xcassets */; };
		6FDE8D181D993A58007CE25C /* LaunchScreen.storyboard in Resources */ = {isa = PBXBuildFile; fileRef = 6FDE8D161D993A58007CE25C /* LaunchScreen.storyboard */; };
		6FDE8D211D993CE8007CE25C /* CollectionViewCell.swift in Sources */ = {isa = PBXBuildFile; fileRef = 6FDE8D1F1D993CE8007CE25C /* CollectionViewCell.swift */; };
		6FDE8D221D993CE8007CE25C /* CollectionViewCell.xib in Resources */ = {isa = PBXBuildFile; fileRef = 6FDE8D201D993CE8007CE25C /* CollectionViewCell.xib */; };
		6FDE8D241D994244007CE25C /* Model.swift in Sources */ = {isa = PBXBuildFile; fileRef = 6FDE8D231D994244007CE25C /* Model.swift */; };
/* End PBXBuildFile section */

/* Begin PBXFileReference section */
		6FDE8D0A1D993A58007CE25C /* day5.app */ = {isa = PBXFileReference; explicitFileType = wrapper.application; includeInIndex = 0; path = day5.app; sourceTree = BUILT_PRODUCTS_DIR; };
		6FDE8D0D1D993A58007CE25C /* AppDelegate.swift */ = {isa = PBXFileReference; lastKnownFileType = sourcecode.swift; path = AppDelegate.swift; sourceTree = "<group>"; };
		6FDE8D0F1D993A58007CE25C /* ViewController.swift */ = {isa = PBXFileReference; lastKnownFileType = sourcecode.swift; path = ViewController.swift; sourceTree = "<group>"; };
		6FDE8D121D993A58007CE25C /* Base */ = {isa = PBXFileReference; lastKnownFileType = file.storyboard; name = Base; path = Base.lproj/Main.storyboard; sourceTree = "<group>"; };
		6FDE8D141D993A58007CE25C /* Assets.xcassets */ = {isa = PBXFileReference; lastKnownFileType = folder.assetcatalog; path = Assets.xcassets; sourceTree = "<group>"; };
		6FDE8D171D993A58007CE25C /* Base */ = {isa = PBXFileReference; lastKnownFileType = file.storyboard; name = Base; path = Base.lproj/LaunchScreen.storyboard; sourceTree = "<group>"; };
		6FDE8D191D993A58007CE25C /* Info.plist */ = {isa = PBXFileReference; lastKnownFileType = text.plist.xml; path = Info.plist; sourceTree = "<group>"; };
		6FDE8D1F1D993CE8007CE25C /* CollectionViewCell.swift */ = {isa = PBXFileReference; fileEncoding = 4; lastKnownFileType = sourcecode.swift; path = CollectionViewCell.swift; sourceTree = "<group>"; };
		6FDE8D201D993CE8007CE25C /* CollectionViewCell.xib */ = {isa = PBXFileReference; fileEncoding = 4; lastKnownFileType = file.xib; path = CollectionViewCell.xib; sourceTree = "<group>"; };
		6FDE8D231D994244007CE25C /* Model.swift */ = {isa = PBXFileReference; fileEncoding = 4; lastKnownFileType = sourcecode.swift; path = Model.swift; sourceTree = "<group>"; };
/* End PBXFileReference section */

/* Begin PBXFrameworksBuildPhase section */
		6FDE8D071D993A58007CE25C /* Frameworks */ = {
			isa = PBXFrameworksBuildPhase;
			buildActionMask = 2147483647;
			files = (
			);
			runOnlyForDeploymentPostprocessing = 0;
		};
/* End PBXFrameworksBuildPhase section */

/* Begin PBXGroup section */
		6FDE8D011D993A58007CE25C = {
			isa = PBXGroup;
			children = (
				6FDE8D0C1D993A58007CE25C /* day5 */,
				6FDE8D0B1D993A58007CE25C /* Products */,
			);
			sourceTree = "<group>";
		};
		6FDE8D0B1D993A58007CE25C /* Products */ = {
			isa = PBXGroup;
			children = (
				6FDE8D0A1D993A58007CE25C /* day5.app */,
			);
			name = Products;
			sourceTree = "<group>";
		};
		6FDE8D0C1D993A58007CE25C /* day5 */ = {
			isa = PBXGroup;
			children = (
				6FDE8D0D1D993A58007CE25C /* AppDelegate.swift */,
				6FDE8D231D994244007CE25C /* Model.swift */,
				6FDE8D0F1D993A58007CE25C /* ViewController.swift */,
				6FDE8D1F1D993CE8007CE25C /* CollectionViewCell.swift */,
				6FDE8D201D993CE8007CE25C /* CollectionViewCell.xib */,
				6FDE8D111D993A58007CE25C /* Main.storyboard */,
				6FDE8D141D993A58007CE25C /* Assets.xcassets */,
				6FDE8D161D993A58007CE25C /* LaunchScreen.storyboard */,
				6FDE8D191D993A58007CE25C /* Info.plist */,
			);
			path = day5;
			sourceTree = "<group>";
		};
/* End PBXGroup section */

/* Begin PBXNativeTarget section */
		6FDE8D091D993A58007CE25C /* day5 */ = {
			isa = PBXNativeTarget;
			buildConfigurationList = 6FDE8D1C1D993A58007CE25C /* Build configuration list for PBXNativeTarget "day5" */;
			buildPhases = (
				6FDE8D061D993A58007CE25C /* Sources */,
				6FDE8D071D993A58007CE25C /* Frameworks */,
				6FDE8D081D993A58007CE25C /* Resources */,
			);
			buildRules = (
			);
			dependencies = (
			);
			name = day5;
			productName = day5;
			productReference = 6FDE8D0A1D993A58007CE25C /* day5.app */;
			productType = "com.apple.product-type.application";
		};
/* End PBXNativeTarget section */

/* Begin PBXProject section */
		6FDE8D021D993A58007CE25C /* Project object */ = {
			isa = PBXProject;
			attributes = {
				LastSwiftUpdateCheck = 0730;
				LastUpgradeCheck = 0730;
				ORGANIZATIONNAME = Young;
				TargetAttributes = {
					6FDE8D091D993A58007CE25C = {
						CreatedOnToolsVersion = 7.3.1;
					};
				};
			};
			buildConfigurationList = 6FDE8D051D993A58007CE25C /* Build configuration list for PBXProject "day5" */;
			compatibilityVersion = "Xcode 3.2";
			developmentRegion = English;
			hasScannedForEncodings = 0;
			knownRegions = (
				en,
				Base,
			);
			mainGroup = 6FDE8D011D993A58007CE25C;
			productRefGroup = 6FDE8D0B1D993A58007CE25C /* Products */;
			projectDirPath = "";
			projectRoot = "";
			targets = (
				6FDE8D091D993A58007CE25C /* day5 */,
			);
		};
/* End PBXProject section */

/* Begin PBXResourcesBuildPhase section */
		6FDE8D081D993A58007CE25C /* Resources */ = {
			isa = PBXResourcesBuildPhase;
			buildActionMask = 2147483647;
			files = (
				6FDE8D181D993A58007CE25C /* LaunchScreen.storyboard in Resources */,
				6FDE8D151D993A58007CE25C /* Assets.xcassets in Resources */,
				6FDE8D221D993CE8007CE25C /* CollectionViewCell.xib in Resources */,
				6FDE8D131D993A58007CE25C /* Main.storyboard in Resources */,
			);
			runOnlyForDeploymentPostprocessing = 0;
		};
/* End PBXResourcesBuildPhase section */

/* Begin PBXSourcesBuildPhase section */
		6FDE8D061D993A58007CE25C /* Sources */ = {
			isa = PBXSourcesBuildPhase;
			buildActionMask = 2147483647;
			files = (
				6FDE8D101D993A58007CE25C /* ViewController.swift in Sources */,
				6FDE8D0E1D993A58007CE25C /* AppDelegate.swift in Sources */,
				6FDE8D211D993CE8007CE25C /* CollectionViewCell.swift in Sources */,
				6FDE8D241D994244007CE25C /* Model.swift in Sources */,
			);
			runOnlyForDeploymentPostprocessing = 0;
		};
/* End PBXSourcesBuildPhase section */

/* Begin PBXVariantGroup section */
		6FDE8D111D993A58007CE25C /* Main.storyboard */ = {
			isa = PBXVariantGroup;
			children = (
				6FDE8D121D993A58007CE25C /* Base */,
			);
			name = Main.storyboard;
			sourceTree = "<group>";
		};
		6FDE8D161D993A58007CE25C /* LaunchScreen.storyboard */ = {
			isa = PBXVariantGroup;
			children = (
				6FDE8D171D993A58007CE25C /* Base */,
			);
			name = LaunchScreen.storyboard;
			sourceTree = "<group>";
		};
/* End PBXVariantGroup section */

/* Begin XCBuildConfiguration section */
		6FDE8D1A1D993A58007CE25C /* Debug */ = {
			isa = XCBuildConfiguration;
			buildSettings = {
				ALWAYS_SEARCH_USER_PATHS = NO;
				CLANG_ANALYZER_NONNULL = YES;
				CLANG_CXX_LANGUAGE_STANDARD = "gnu++0x";
				CLANG_CXX_LIBRARY = "libc++";
				CLANG_ENABLE_MODULES = YES;
				CLANG_ENABLE_OBJC_ARC = YES;
				CLANG_WARN_BOOL_CONVERSION = YES;
				CLANG_WARN_CONSTANT_CONVERSION = YES;
				CLANG_WARN_DIRECT_OBJC_ISA_USAGE = YES_ERROR;
				CLANG_WARN_EMPTY_BODY = YES;
				CLANG_WARN_ENUM_CONVERSION = YES;
				CLANG_WARN_INT_CONVERSION = YES;
				CLANG_WARN_OBJC_ROOT_CLASS = YES_ERROR;
				CLANG_WARN_UNREACHABLE_CODE = YES;
				CLANG_WARN__DUPLICATE_METHOD_MATCH = YES;
				"CODE_SIGN_IDENTITY[sdk=iphoneos*]" = "iPhone Developer";
				COPY_PHASE_STRIP = NO;
				DEBUG_INFORMATION_FORMAT = dwarf;
				ENABLE_STRICT_OBJC_MSGSEND = YES;
				ENABLE_TESTABILITY = YES;
				GCC_C_LANGUAGE_STANDARD = gnu99;
				GCC_DYNAMIC_NO_PIC = NO;
				GCC_NO_COMMON_BLOCKS = YES;
				GCC_OPTIMIZATION_LEVEL = 0;
				GCC_PREPROCESSOR_DEFINITIONS = (
					"DEBUG=1",
					"$(inherited)",
				);
				GCC_WARN_64_TO_32_BIT_CONVERSION = YES;
				GCC_WARN_ABOUT_RETURN_TYPE = YES_ERROR;
				GCC_WARN_UNDECLARED_SELECTOR = YES;
				GCC_WARN_UNINITIALIZED_AUTOS = YES_AGGRESSIVE;
				GCC_WARN_UNUSED_FUNCTION = YES;
				GCC_WARN_UNUSED_VARIABLE = YES;
				IPHONEOS_DEPLOYMENT_TARGET = 9.3;
				MTL_ENABLE_DEBUG_INFO = YES;
				ONLY_ACTIVE_ARCH = YES;
				SDKROOT = iphoneos;
				SWIFT_OPTIMIZATION_LEVEL = "-Onone";
			};
			name = Debug;
		};
		6FDE8D1B1D993A58007CE25C /* Release */ = {
			isa = XCBuildConfiguration;
			buildSettings = {
				ALWAYS_SEARCH_USER_PATHS = NO;
				CLANG_ANALYZER_NONNULL = YES;
				CLANG_CXX_LANGUAGE_STANDARD = "gnu++0x";
				CLANG_CXX_LIBRARY = "libc++";
				CLANG_ENABLE_MODULES = YES;
				CLANG_ENABLE_OBJC_ARC = YES;
				CLANG_WARN_BOOL_CONVERSION = YES;
				CLANG_WARN_CONSTANT_CONVERSION = YES;
				CLANG_WARN_DIRECT_OBJC_ISA_USAGE = YES_ERROR;
				CLANG_WARN_EMPTY_BODY = YES;
				CLANG_WARN_ENUM_CONVERSION = YES;
				CLANG_WARN_INT_CONVERSION = YES;
				CLANG_WARN_OBJC_ROOT_CLASS = YES_ERROR;
				CLANG_WARN_UNREACHABLE_CODE = YES;
				CLANG_WARN__DUPLICATE_METHOD_MATCH = YES;
				"CODE_SIGN_IDENTITY[sdk=iphoneos*]" = "iPhone Developer";
				COPY_PHASE_STRIP = NO;
				DEBUG_INFORMATION_FORMAT = "dwarf-with-dsym";
				ENABLE_NS_ASSERTIONS = NO;
				ENABLE_STRICT_OBJC_MSGSEND = YES;
				GCC_C_LANGUAGE_STANDARD = gnu99;
				GCC_NO_COMMON_BLOCKS = YES;
				GCC_WARN_64_TO_32_BIT_CONVERSION = YES;
				GCC_WARN_ABOUT_RETURN_TYPE = YES_ERROR;
				GCC_WARN_UNDECLARED_SELECTOR = YES;
				GCC_WARN_UNINITIALIZED_AUTOS = YES_AGGRESSIVE;
				GCC_WARN_UNUSED_FUNCTION = YES;
				GCC_WARN_UNUSED_VARIABLE = YES;
				IPHONEOS_DEPLOYMENT_TARGET = 9.3;
				MTL_ENABLE_DEBUG_INFO = NO;
				SDKROOT = iphoneos;
				VALIDATE_PRODUCT = YES;
			};
			name = Release;
		};
		6FDE8D1D1D993A58007CE25C /* Debug */ = {
			isa = XCBuildConfiguration;
			buildSettings = {
				ASSETCATALOG_COMPILER_APPICON_NAME = AppIcon;
				INFOPLIST_FILE = day5/Info.plist;
				LD_RUNPATH_SEARCH_PATHS = "$(inherited) @executable_path/Frameworks";
				PRODUCT_BUNDLE_IDENTIFIER = Gary.com.day5;
				PRODUCT_NAME = "$(TARGET_NAME)";
			};
			name = Debug;
		};
		6FDE8D1E1D993A58007CE25C /* Release */ = {
			isa = XCBuildConfiguration;
			buildSettings = {
				ASSETCATALOG_COMPILER_APPICON_NAME = AppIcon;
				INFOPLIST_FILE = day5/Info.plist;
				LD_RUNPATH_SEARCH_PATHS = "$(inherited) @executable_path/Frameworks";
				PRODUCT_BUNDLE_IDENTIFIER = Gary.com.day5;
				PRODUCT_NAME = "$(TARGET_NAME)";
			};
			name = Release;
		};
/* End XCBuildConfiguration section */

/* Begin XCConfigurationList section */
		6FDE8D051D993A58007CE25C /* Build configuration list for PBXProject "day5" */ = {
			isa = XCConfigurationList;
			buildConfigurations = (
				6FDE8D1A1D993A58007CE25C /* Debug */,
				6FDE8D1B1D993A58007CE25C /* Release */,
			);
			defaultConfigurationIsVisible = 0;
			defaultConfigurationName = Release;
		};
		6FDE8D1C1D993A58007CE25C /* Build configuration list for PBXNativeTarget "day5" */ = {
			isa = XCConfigurationList;
			buildConfigurations = (
				6FDE8D1D1D993A58007CE25C /* Debug */,
				6FDE8D1E1D993A58007CE25C /* Release */,
			);
			defaultConfigurationIsVisible = 0;
		};
/* End XCConfigurationList section */
	};
	rootObject = 6FDE8D021D993A58007CE25C /* Project object */;
}
