// !$*UTF8*$!
{
	archiveVersion = 1;
	classes = {
	};
	objectVersion = 46;
	objects = {

/* Begin PBXBuildFile section */
		6FAF0F9B1DACAA18009360C5 /* AppDelegate.swift in Sources */ = {isa = PBXBuildFile; fileRef = 6FAF0F9A1DACAA18009360C5 /* AppDelegate.swift */; };
		6FAF0F9D1DACAA18009360C5 /* ViewController.swift in Sources */ = {isa = PBXBuildFile; fileRef = 6FAF0F9C1DACAA18009360C5 /* ViewController.swift */; };
		6FAF0FA01DACAA18009360C5 /* Main.storyboard in Resources */ = {isa = PBXBuildFile; fileRef = 6FAF0F9E1DACAA18009360C5 /* Main.storyboard */; };
		6FAF0FA21DACAA18009360C5 /* Assets.xcassets in Resources */ = {isa = PBXBuildFile; fileRef = 6FAF0FA11DACAA18009360C5 /* Assets.xcassets */; };
		6FAF0FA51DACAA18009360C5 /* LaunchScreen.storyboard in Resources */ = {isa = PBXBuildFile; fileRef = 6FAF0FA31DACAA18009360C5 /* LaunchScreen.storyboard */; };
		6FAF0FAD1DACAA60009360C5 /* PushViewController.swift in Sources */ = {isa = PBXBuildFile; fileRef = 6FAF0FAC1DACAA60009360C5 /* PushViewController.swift */; };
		6FAF0FAF1DACB12E009360C5 /* TransitionAnimation.swift in Sources */ = {isa = PBXBuildFile; fileRef = 6FAF0FAE1DACB12E009360C5 /* TransitionAnimation.swift */; };
/* End PBXBuildFile section */

/* Begin PBXFileReference section */
		6FAF0F971DACAA18009360C5 /* day17.app */ = {isa = PBXFileReference; explicitFileType = wrapper.application; includeInIndex = 0; path = day17.app; sourceTree = BUILT_PRODUCTS_DIR; };
		6FAF0F9A1DACAA18009360C5 /* AppDelegate.swift */ = {isa = PBXFileReference; lastKnownFileType = sourcecode.swift; path = AppDelegate.swift; sourceTree = "<group>"; };
		6FAF0F9C1DACAA18009360C5 /* ViewController.swift */ = {isa = PBXFileReference; lastKnownFileType = sourcecode.swift; path = ViewController.swift; sourceTree = "<group>"; };
		6FAF0F9F1DACAA18009360C5 /* Base */ = {isa = PBXFileReference; lastKnownFileType = file.storyboard; name = Base; path = Base.lproj/Main.storyboard; sourceTree = "<group>"; };
		6FAF0FA11DACAA18009360C5 /* Assets.xcassets */ = {isa = PBXFileReference; lastKnownFileType = folder.assetcatalog; path = Assets.xcassets; sourceTree = "<group>"; };
		6FAF0FA41DACAA18009360C5 /* Base */ = {isa = PBXFileReference; lastKnownFileType = file.storyboard; name = Base; path = Base.lproj/LaunchScreen.storyboard; sourceTree = "<group>"; };
		6FAF0FA61DACAA18009360C5 /* Info.plist */ = {isa = PBXFileReference; lastKnownFileType = text.plist.xml; path = Info.plist; sourceTree = "<group>"; };
		6FAF0FAC1DACAA60009360C5 /* PushViewController.swift */ = {isa = PBXFileReference; fileEncoding = 4; lastKnownFileType = sourcecode.swift; path = PushViewController.swift; sourceTree = "<group>"; };
		6FAF0FAE1DACB12E009360C5 /* TransitionAnimation.swift */ = {isa = PBXFileReference; fileEncoding = 4; lastKnownFileType = sourcecode.swift; path = TransitionAnimation.swift; sourceTree = "<group>"; };
/* End PBXFileReference section */

/* Begin PBXFrameworksBuildPhase section */
		6FAF0F941DACAA18009360C5 /* Frameworks */ = {
			isa = PBXFrameworksBuildPhase;
			buildActionMask = 2147483647;
			files = (
			);
			runOnlyForDeploymentPostprocessing = 0;
		};
/* End PBXFrameworksBuildPhase section */

/* Begin PBXGroup section */
		6FAF0F8E1DACAA18009360C5 = {
			isa = PBXGroup;
			children = (
				6FAF0F991DACAA18009360C5 /* day17 */,
				6FAF0F981DACAA18009360C5 /* Products */,
			);
			sourceTree = "<group>";
		};
		6FAF0F981DACAA18009360C5 /* Products */ = {
			isa = PBXGroup;
			children = (
				6FAF0F971DACAA18009360C5 /* day17.app */,
			);
			name = Products;
			sourceTree = "<group>";
		};
		6FAF0F991DACAA18009360C5 /* day17 */ = {
			isa = PBXGroup;
			children = (
				6FAF0F9A1DACAA18009360C5 /* AppDelegate.swift */,
				6FAF0F9C1DACAA18009360C5 /* ViewController.swift */,
				6FAF0FAE1DACB12E009360C5 /* TransitionAnimation.swift */,
				6FAF0FAC1DACAA60009360C5 /* PushViewController.swift */,
				6FAF0F9E1DACAA18009360C5 /* Main.storyboard */,
				6FAF0FA11DACAA18009360C5 /* Assets.xcassets */,
				6FAF0FA31DACAA18009360C5 /* LaunchScreen.storyboard */,
				6FAF0FA61DACAA18009360C5 /* Info.plist */,
			);
			path = day17;
			sourceTree = "<group>";
		};
/* End PBXGroup section */

/* Begin PBXNativeTarget section */
		6FAF0F961DACAA18009360C5 /* day17 */ = {
			isa = PBXNativeTarget;
			buildConfigurationList = 6FAF0FA91DACAA18009360C5 /* Build configuration list for PBXNativeTarget "day17" */;
			buildPhases = (
				6FAF0F931DACAA18009360C5 /* Sources */,
				6FAF0F941DACAA18009360C5 /* Frameworks */,
				6FAF0F951DACAA18009360C5 /* Resources */,
			);
			buildRules = (
			);
			dependencies = (
			);
			name = day17;
			productName = day17;
			productReference = 6FAF0F971DACAA18009360C5 /* day17.app */;
			productType = "com.apple.product-type.application";
		};
/* End PBXNativeTarget section */

/* Begin PBXProject section */
		6FAF0F8F1DACAA18009360C5 /* Project object */ = {
			isa = PBXProject;
			attributes = {
				LastSwiftUpdateCheck = 0730;
				LastUpgradeCheck = 0730;
				ORGANIZATIONNAME = Young;
				TargetAttributes = {
					6FAF0F961DACAA18009360C5 = {
						CreatedOnToolsVersion = 7.3.1;
					};
				};
			};
			buildConfigurationList = 6FAF0F921DACAA18009360C5 /* Build configuration list for PBXProject "day17" */;
			compatibilityVersion = "Xcode 3.2";
			developmentRegion = English;
			hasScannedForEncodings = 0;
			knownRegions = (
				en,
				Base,
			);
			mainGroup = 6FAF0F8E1DACAA18009360C5;
			productRefGroup = 6FAF0F981DACAA18009360C5 /* Products */;
			projectDirPath = "";
			projectRoot = "";
			targets = (
				6FAF0F961DACAA18009360C5 /* day17 */,
			);
		};
/* End PBXProject section */

/* Begin PBXResourcesBuildPhase section */
		6FAF0F951DACAA18009360C5 /* Resources */ = {
			isa = PBXResourcesBuildPhase;
			buildActionMask = 2147483647;
			files = (
				6FAF0FA51DACAA18009360C5 /* LaunchScreen.storyboard in Resources */,
				6FAF0FA21DACAA18009360C5 /* Assets.xcassets in Resources */,
				6FAF0FA01DACAA18009360C5 /* Main.storyboard in Resources */,
			);
			runOnlyForDeploymentPostprocessing = 0;
		};
/* End PBXResourcesBuildPhase section */

/* Begin PBXSourcesBuildPhase section */
		6FAF0F931DACAA18009360C5 /* Sources */ = {
			isa = PBXSourcesBuildPhase;
			buildActionMask = 2147483647;
			files = (
				6FAF0F9D1DACAA18009360C5 /* ViewController.swift in Sources */,
				6FAF0F9B1DACAA18009360C5 /* AppDelegate.swift in Sources */,
				6FAF0FAD1DACAA60009360C5 /* PushViewController.swift in Sources */,
				6FAF0FAF1DACB12E009360C5 /* TransitionAnimation.swift in Sources */,
			);
			runOnlyForDeploymentPostprocessing = 0;
		};
/* End PBXSourcesBuildPhase section */

/* Begin PBXVariantGroup section */
		6FAF0F9E1DACAA18009360C5 /* Main.storyboard */ = {
			isa = PBXVariantGroup;
			children = (
				6FAF0F9F1DACAA18009360C5 /* Base */,
			);
			name = Main.storyboard;
			sourceTree = "<group>";
		};
		6FAF0FA31DACAA18009360C5 /* LaunchScreen.storyboard */ = {
			isa = PBXVariantGroup;
			children = (
				6FAF0FA41DACAA18009360C5 /* Base */,
			);
			name = LaunchScreen.storyboard;
			sourceTree = "<group>";
		};
/* End PBXVariantGroup section */

/* Begin XCBuildConfiguration section */
		6FAF0FA71DACAA18009360C5 /* Debug */ = {
			isa = XCBuildConfiguration;
			buildSettings = {
				ALWAYS_SEARCH_USER_PATHS = NO;
				CLANG_ANALYZER_NONNULL = YES;
				CLANG_CXX_LANGUAGE_STANDARD = "gnu++0x";
				CLANG_CXX_LIBRARY = "libc++";
				CLANG_ENABLE_MODULES = YES;
				CLANG_ENABLE_OBJC_ARC = YES;
				CLANG_WARN_BOOL_CONVERSION = YES;
				CLANG_WARN_CONSTANT_CONVERSION = YES;
				CLANG_WARN_DIRECT_OBJC_ISA_USAGE = YES_ERROR;
				CLANG_WARN_EMPTY_BODY = YES;
				CLANG_WARN_ENUM_CONVERSION = YES;
				CLANG_WARN_INT_CONVERSION = YES;
				CLANG_WARN_OBJC_ROOT_CLASS = YES_ERROR;
				CLANG_WARN_UNREACHABLE_CODE = YES;
				CLANG_WARN__DUPLICATE_METHOD_MATCH = YES;
				"CODE_SIGN_IDENTITY[sdk=iphoneos*]" = "iPhone Developer";
				COPY_PHASE_STRIP = NO;
				DEBUG_INFORMATION_FORMAT = dwarf;
				ENABLE_STRICT_OBJC_MSGSEND = YES;
				ENABLE_TESTABILITY = YES;
				GCC_C_LANGUAGE_STANDARD = gnu99;
				GCC_DYNAMIC_NO_PIC = NO;
				GCC_NO_COMMON_BLOCKS = YES;
				GCC_OPTIMIZATION_LEVEL = 0;
				GCC_PREPROCESSOR_DEFINITIONS = (
					"DEBUG=1",
					"$(inherited)",
				);
				GCC_WARN_64_TO_32_BIT_CONVERSION = YES;
				GCC_WARN_ABOUT_RETURN_TYPE = YES_ERROR;
				GCC_WARN_UNDECLARED_SELECTOR = YES;
				GCC_WARN_UNINITIALIZED_AUTOS = YES_AGGRESSIVE;
				GCC_WARN_UNUSED_FUNCTION = YES;
				GCC_WARN_UNUSED_VARIABLE = YES;
				IPHONEOS_DEPLOYMENT_TARGET = 9.3;
				MTL_ENABLE_DEBUG_INFO = YES;
				ONLY_ACTIVE_ARCH = YES;
				SDKROOT = iphoneos;
				SWIFT_OPTIMIZATION_LEVEL = "-Onone";
			};
			name = Debug;
		};
		6FAF0FA81DACAA18009360C5 /* Release */ = {
			isa = XCBuildConfiguration;
			buildSettings = {
				ALWAYS_SEARCH_USER_PATHS = NO;
				CLANG_ANALYZER_NONNULL = YES;
				CLANG_CXX_LANGUAGE_STANDARD = "gnu++0x";
				CLANG_CXX_LIBRARY = "libc++";
				CLANG_ENABLE_MODULES = YES;
				CLANG_ENABLE_OBJC_ARC = YES;
				CLANG_WARN_BOOL_CONVERSION = YES;
				CLANG_WARN_CONSTANT_CONVERSION = YES;
				CLANG_WARN_DIRECT_OBJC_ISA_USAGE = YES_ERROR;
				CLANG_WARN_EMPTY_BODY = YES;
				CLANG_WARN_ENUM_CONVERSION = YES;
				CLANG_WARN_INT_CONVERSION = YES;
				CLANG_WARN_OBJC_ROOT_CLASS = YES_ERROR;
				CLANG_WARN_UNREACHABLE_CODE = YES;
				CLANG_WARN__DUPLICATE_METHOD_MATCH = YES;
				"CODE_SIGN_IDENTITY[sdk=iphoneos*]" = "iPhone Developer";
				COPY_PHASE_STRIP = NO;
				DEBUG_INFORMATION_FORMAT = "dwarf-with-dsym";
				ENABLE_NS_ASSERTIONS = NO;
				ENABLE_STRICT_OBJC_MSGSEND = YES;
				GCC_C_LANGUAGE_STANDARD = gnu99;
				GCC_NO_COMMON_BLOCKS = YES;
				GCC_WARN_64_TO_32_BIT_CONVERSION = YES;
				GCC_WARN_ABOUT_RETURN_TYPE = YES_ERROR;
				GCC_WARN_UNDECLARED_SELECTOR = YES;
				GCC_WARN_UNINITIALIZED_AUTOS = YES_AGGRESSIVE;
				GCC_WARN_UNUSED_FUNCTION = YES;
				GCC_WARN_UNUSED_VARIABLE = YES;
				IPHONEOS_DEPLOYMENT_TARGET = 9.3;
				MTL_ENABLE_DEBUG_INFO = NO;
				SDKROOT = iphoneos;
				VALIDATE_PRODUCT = YES;
			};
			name = Release;
		};
		6FAF0FAA1DACAA18009360C5 /* Debug */ = {
			isa = XCBuildConfiguration;
			buildSettings = {
				ASSETCATALOG_COMPILER_APPICON_NAME = AppIcon;
				INFOPLIST_FILE = day17/Info.plist;
				LD_RUNPATH_SEARCH_PATHS = "$(inherited) @executable_path/Frameworks";
				PRODUCT_BUNDLE_IDENTIFIER = Gary.com.day17;
				PRODUCT_NAME = "$(TARGET_NAME)";
			};
			name = Debug;
		};
		6FAF0FAB1DACAA18009360C5 /* Release */ = {
			isa = XCBuildConfiguration;
			buildSettings = {
				ASSETCATALOG_COMPILER_APPICON_NAME = AppIcon;
				INFOPLIST_FILE = day17/Info.plist;
				LD_RUNPATH_SEARCH_PATHS = "$(inherited) @executable_path/Frameworks";
				PRODUCT_BUNDLE_IDENTIFIER = Gary.com.day17;
				PRODUCT_NAME = "$(TARGET_NAME)";
			};
			name = Release;
		};
/* End XCBuildConfiguration section */

/* Begin XCConfigurationList section */
		6FAF0F921DACAA18009360C5 /* Build configuration list for PBXProject "day17" */ = {
			isa = XCConfigurationList;
			buildConfigurations = (
				6FAF0FA71DACAA18009360C5 /* Debug */,
				6FAF0FA81DACAA18009360C5 /* Release */,
			);
			defaultConfigurationIsVisible = 0;
			defaultConfigurationName = Release;
		};
		6FAF0FA91DACAA18009360C5 /* Build configuration list for PBXNativeTarget "day17" */ = {
			isa = XCConfigurationList;
			buildConfigurations = (
				6FAF0FAA1DACAA18009360C5 /* Debug */,
				6FAF0FAB1DACAA18009360C5 /* Release */,
			);
			defaultConfigurationIsVisible = 0;
		};
/* End XCConfigurationList section */
	};
	rootObject = 6FAF0F8F1DACAA18009360C5 /* Project object */;
}
